{
  "version": 4,
  "terraform_version": "1.6.4",
  "serial": 13,
  "lineage": "017c4875-9ae5-54d1-42af-b8cc4d3d6963",
  "outputs": {},
  "resources": [
    {
      "mode": "data",
      "type": "pagerduty_escalation_policy",
      "name": "default",
      "provider": "provider[\"registry.terraform.io/pagerduty/pagerduty\"]",
      "instances": [
        {
          "schema_version": 0,
          "attributes": {
            "description": "",
            "id": "PENR17P",
            "name": "Default",
            "teams": []
          },
          "sensitive_attributes": []
        }
      ]
    },
    {
      "mode": "managed",
      "type": "grafana_contact_point",
      "name": "pagerduty",
      "provider": "provider[\"registry.terraform.io/grafana/grafana\"]",
      "instances": [
        {
          "schema_version": 0,
          "attributes": {
            "alertmanager": [],
            "dingding": [],
            "disable_provenance": false,
            "discord": [],
            "email": [],
            "googlechat": [],
            "id": "1:PagerDuty On-Call",
            "kafka": [],
            "line": [],
            "name": "PagerDuty On-Call",
            "oncall": [],
            "opsgenie": [],
            "org_id": "1",
            "pagerduty": [
              {
                "class": "",
                "client": "",
                "client_url": "",
                "component": "",
                "details": {},
                "disable_resolve_message": false,
                "group": "",
                "integration_key": "R03ELMDZ1OKTIYOWXCZZ2QW7T4FOF69D",
                "settings": {},
                "severity": "critical",
                "source": "",
                "summary": "{{ len .Alerts.Firing }} alert(s) on {{ (index .Alerts.Firing 0).Labels.node }}{{ if (index .Alerts.Firing 0).Labels.service }} [{{ (index .Alerts.Firing 0).Labels.service }}]{{ end }}: {{ range .Alerts.Firing }}{{ .Annotations.summary }}; {{ end }}",
                "uid": "dfmfmsb47oa2od",
                "url": ""
              }
            ],
            "pushover": [],
            "sensugo": [],
            "slack": [],
            "sns": [],
            "teams": [],
            "telegram": [],
            "threema": [],
            "victorops": [],
            "webex": [],
            "webhook": [],
            "wecom": []
          },
          "sensitive_attributes": [
            [
              {
                "type": "get_attr",
                "value": "pagerduty"
              }
            ]
          ],
          "private": "bnVsbA==",
          "dependencies": [
            "data.pagerduty_escalation_policy.default",
            "module.pagerduty.pagerduty_service_integration.grafana",
            "pagerduty_service.iac_toolbox"
          ],
          "create_before_destroy": true
        }
      ]
    },
    {
      "mode": "managed",
      "type": "grafana_notification_policy",
      "name": "main",
      "provider": "provider[\"registry.terraform.io/grafana/grafana\"]",
      "instances": [
        {
          "schema_version": 0,
          "attributes": {
            "contact_point": "PagerDuty On-Call",
            "disable_provenance": false,
            "group_by": [
              "node",
              "service"
            ],
            "group_interval": "5m",
            "group_wait": "30s",
            "id": "1:policy",
            "org_id": "1",
            "policy": [
              {
                "contact_point": "PagerDuty On-Call",
                "continue": false,
                "group_by": [],
                "group_interval": "",
                "group_wait": "0s",
                "matcher": [
                  {
                    "label": "severity",
                    "match": "=",
                    "value": "critical"
                  }
                ],
                "mute_timings": [],
                "policy": [],
                "repeat_interval": "1d"
              },
              {
                "contact_point": "PagerDuty On-Call",
                "continue": false,
                "group_by": [],
                "group_interval": "",
                "group_wait": "1m",
                "matcher": [
                  {
                    "label": "severity",
                    "match": "=",
                    "value": "warning"
                  }
                ],
                "mute_timings": [],
                "policy": [],
                "repeat_interval": "1d"
              }
            ],
            "repeat_interval": "1d"
          },
          "sensitive_attributes": [],
          "private": "bnVsbA==",
          "dependencies": [
            "data.pagerduty_escalation_policy.default",
            "grafana_contact_point.pagerduty",
            "module.pagerduty.pagerduty_service_integration.grafana",
            "pagerduty_service.iac_toolbox"
          ]
        }
      ]
    },
    {
      "mode": "managed",
      "type": "pagerduty_service",
      "name": "iac_toolbox",
      "provider": "provider[\"registry.terraform.io/pagerduty/pagerduty\"]",
      "instances": [
        {
          "schema_version": 0,
          "attributes": {
            "acknowledgement_timeout": "86400",
            "alert_creation": "create_alerts_and_incidents",
            "alert_grouping": null,
            "alert_grouping_parameters": [],
            "alert_grouping_timeout": "null",
            "auto_pause_notifications_parameters": [
              {
                "enabled": false,
                "timeout": 120
              }
            ],
            "auto_resolve_timeout": "172800",
            "created_at": "2026-05-18T12:34:09+01:00",
            "description": "Managed by Terraform",
            "escalation_policy": "PENR17P",
            "html_url": "https://pdt-vvasylkovskyi.eu.pagerduty.com/service-directory/P0LW8FH",
            "id": "P0LW8FH",
            "incident_urgency_rule": [
              {
                "during_support_hours": [],
                "outside_support_hours": [],
                "type": "constant",
                "urgency": "high"
              }
            ],
            "last_incident_timestamp": null,
            "name": "iac-toolbox",
            "response_play": null,
            "scheduled_actions": [],
            "status": null,
            "support_hours": [],
            "type": "service"
          },
          "sensitive_attributes": [],
          "private": "bnVsbA==",
          "dependencies": [
            "data.pagerduty_escalation_policy.default"
          ],
          "create_before_destroy": true
        }
      ]
    },
    {
      "module": "module.pagerduty",
      "mode": "managed",
      "type": "pagerduty_service_integration",
      "name": "grafana",
      "provider": "provider[\"registry.terraform.io/pagerduty/pagerduty\"]",
      "instances": [
        {
          "schema_version": 0,
          "attributes": {
            "email_filter": [],
            "email_filter_mode": null,
            "email_incident_creation": null,
            "email_parser": [],
            "email_parsing_fallback": null,
            "html_url": "https://pdt-vvasylkovskyi.eu.pagerduty.com/services/P0LW8FH/integrations/PAJOKTW",
            "id": "PAJOKTW",
            "integration_email": null,
            "integration_key": "R03ELMDZ1OKTIYOWXCZZ2QW7T4FOF69D",
            "name": "Grafana",
            "service": "P0LW8FH",
            "type": "events_api_v2_inbound_integration",
            "vendor": null
          },
          "sensitive_attributes": [],
          "private": "bnVsbA==",
          "dependencies": [
            "data.pagerduty_escalation_policy.default",
            "pagerduty_service.iac_toolbox"
          ],
          "create_before_destroy": true
        }
      ]
    }
  ],
  "check_results": null
}
