{
  "version": 4,
  "terraform_version": "1.6.4",
  "serial": 6,
  "lineage": "8ae4c4dd-dd51-712c-532f-0c5315fd8975",
  "outputs": {},
  "resources": [
    {
      "mode": "data",
      "type": "external",
      "name": "node_name",
      "provider": "provider[\"registry.terraform.io/hashicorp/external\"]",
      "instances": [
        {
          "schema_version": 0,
          "attributes": {
            "id": "-",
            "program": [
              "bash",
              "-c",
              "echo \"{\\\"name\\\": \\\"${NODE_NAME:-$(hostname)}\\\"}\""
            ],
            "query": null,
            "result": {
              "name": "vvasylkovskyi-F719T9V3V4"
            },
            "working_dir": null
          },
          "sensitive_attributes": []
        }
      ]
    },
    {
      "mode": "data",
      "type": "grafana_data_source",
      "name": "prometheus",
      "provider": "provider[\"registry.terraform.io/grafana/grafana\"]",
      "instances": [
        {
          "schema_version": 0,
          "attributes": {
            "access_mode": "proxy",
            "basic_auth_enabled": false,
            "basic_auth_username": "",
            "database_name": "",
            "id": "1:PBFA97CFB590B2093",
            "is_default": true,
            "json_data_encoded": "{}",
            "name": "Prometheus",
            "org_id": "1",
            "private_data_source_connect_network_id": null,
            "type": "prometheus",
            "uid": "PBFA97CFB590B2093",
            "url": "http://prometheus:9090",
            "username": ""
          },
          "sensitive_attributes": []
        }
      ]
    },
    {
      "mode": "managed",
      "type": "grafana_folder",
      "name": "node_alerts",
      "provider": "provider[\"registry.terraform.io/grafana/grafana\"]",
      "instances": [
        {
          "schema_version": 0,
          "attributes": {
            "id": "1:ffmpz8vrqbdogd",
            "org_id": "1",
            "parent_folder_uid": "",
            "prevent_destroy_if_not_empty": false,
            "title": "vvasylkovskyi-F719T9V3V4",
            "uid": "ffmpz8vrqbdogd",
            "url": "https://grafana.iac-toolbox.com/dashboards/f/ffmpz8vrqbdogd/vvasylkovskyi-f719t9v3v4"
          },
          "sensitive_attributes": [],
          "private": "bnVsbA==",
          "dependencies": [
            "data.external.node_name"
          ]
        }
      ]
    },
    {
      "module": "module.alert_high_memory",
      "mode": "managed",
      "type": "grafana_rule_group",
      "name": "this",
      "provider": "provider[\"registry.terraform.io/grafana/grafana\"]",
      "instances": [
        {
          "schema_version": 0,
          "attributes": {
            "disable_provenance": false,
            "folder_uid": "ffmpz8vrqbdogd",
            "id": "1:ffmpz8vrqbdogd:HighMemoryUsage",
            "interval_seconds": 60,
            "name": "HighMemoryUsage",
            "org_id": "1",
            "rule": [
              {
                "annotations": {
                  "description": "Memory above 95%.",
                  "summary": "High memory on vvasylkovskyi-F719T9V3V4"
                },
                "condition": "C",
                "data": [
                  {
                    "datasource_uid": "PBFA97CFB590B2093",
                    "model": "{\"expr\":\"(1 - (node_memory_MemAvailable_bytes{instance=\\\"vvasylkovskyi-F719T9V3V4\\\"} / node_memory_MemTotal_bytes{instance=\\\"vvasylkovskyi-F719T9V3V4\\\"})) * 100\",\"refId\":\"A\"}",
                    "query_type": "",
                    "ref_id": "A",
                    "relative_time_range": [
                      {
                        "from": 600,
                        "to": 0
                      }
                    ]
                  },
                  {
                    "datasource_uid": "__expr__",
                    "model": "{\"expression\":\"A\",\"reducer\":\"last\",\"refId\":\"B\",\"type\":\"reduce\"}",
                    "query_type": "",
                    "ref_id": "B",
                    "relative_time_range": [
                      {
                        "from": 0,
                        "to": 0
                      }
                    ]
                  },
                  {
                    "datasource_uid": "__expr__",
                    "model": "{\"conditions\":[{\"evaluator\":{\"params\":[95],\"type\":\"gt\"},\"type\":\"query\"}],\"expression\":\"B\",\"refId\":\"C\",\"type\":\"threshold\"}",
                    "query_type": "",
                    "ref_id": "C",
                    "relative_time_range": [
                      {
                        "from": 0,
                        "to": 0
                      }
                    ]
                  }
                ],
                "exec_err_state": "Alerting",
                "for": "5m0s",
                "is_paused": false,
                "keep_firing_for": "",
                "labels": {
                  "node": "vvasylkovskyi-F719T9V3V4",
                  "severity": "critical"
                },
                "missing_series_evals_to_resolve": 0,
                "name": "HighMemoryUsage",
                "no_data_state": "NoData",
                "notification_settings": [],
                "record": [],
                "uid": "cfmpz8wy1lgjkd"
              }
            ]
          },
          "sensitive_attributes": [],
          "private": "bnVsbA==",
          "dependencies": [
            "data.external.node_name",
            "data.grafana_data_source.prometheus",
            "grafana_folder.node_alerts"
          ]
        }
      ]
    },
    {
      "module": "module.alert_low_disk",
      "mode": "managed",
      "type": "grafana_rule_group",
      "name": "this",
      "provider": "provider[\"registry.terraform.io/grafana/grafana\"]",
      "instances": [
        {
          "schema_version": 0,
          "attributes": {
            "disable_provenance": false,
            "folder_uid": "ffmpz8vrqbdogd",
            "id": "1:ffmpz8vrqbdogd:LowDiskSpace",
            "interval_seconds": 60,
            "name": "LowDiskSpace",
            "org_id": "1",
            "rule": [
              {
                "annotations": {
                  "description": "Root filesystem above 90%.",
                  "summary": "Low disk space on vvasylkovskyi-F719T9V3V4"
                },
                "condition": "C",
                "data": [
                  {
                    "datasource_uid": "PBFA97CFB590B2093",
                    "model": "{\"expr\":\"(1 - (node_filesystem_avail_bytes{instance=\\\"vvasylkovskyi-F719T9V3V4\\\",fstype!~\\\"tmpfs|overlay\\\",mountpoint=\\\"/\\\"} / node_filesystem_size_bytes{instance=\\\"vvasylkovskyi-F719T9V3V4\\\",fstype!~\\\"tmpfs|overlay\\\",mountpoint=\\\"/\\\"})) * 100\",\"refId\":\"A\"}",
                    "query_type": "",
                    "ref_id": "A",
                    "relative_time_range": [
                      {
                        "from": 600,
                        "to": 0
                      }
                    ]
                  },
                  {
                    "datasource_uid": "__expr__",
                    "model": "{\"expression\":\"A\",\"reducer\":\"last\",\"refId\":\"B\",\"type\":\"reduce\"}",
                    "query_type": "",
                    "ref_id": "B",
                    "relative_time_range": [
                      {
                        "from": 0,
                        "to": 0
                      }
                    ]
                  },
                  {
                    "datasource_uid": "__expr__",
                    "model": "{\"conditions\":[{\"evaluator\":{\"params\":[90],\"type\":\"gt\"},\"type\":\"query\"}],\"expression\":\"B\",\"refId\":\"C\",\"type\":\"threshold\"}",
                    "query_type": "",
                    "ref_id": "C",
                    "relative_time_range": [
                      {
                        "from": 0,
                        "to": 0
                      }
                    ]
                  }
                ],
                "exec_err_state": "Alerting",
                "for": "5m0s",
                "is_paused": false,
                "keep_firing_for": "",
                "labels": {
                  "node": "vvasylkovskyi-F719T9V3V4",
                  "severity": "critical"
                },
                "missing_series_evals_to_resolve": 0,
                "name": "LowDiskSpace",
                "no_data_state": "NoData",
                "notification_settings": [],
                "record": [],
                "uid": "bfmpz8x88ojcwe"
              }
            ]
          },
          "sensitive_attributes": [],
          "private": "bnVsbA==",
          "dependencies": [
            "data.external.node_name",
            "data.grafana_data_source.prometheus",
            "grafana_folder.node_alerts"
          ]
        }
      ]
    },
    {
      "module": "module.alert_node_down",
      "mode": "managed",
      "type": "grafana_rule_group",
      "name": "this",
      "provider": "provider[\"registry.terraform.io/grafana/grafana\"]",
      "instances": [
        {
          "schema_version": 0,
          "attributes": {
            "disable_provenance": false,
            "folder_uid": "ffmpz8vrqbdogd",
            "id": "1:ffmpz8vrqbdogd:NodeDown",
            "interval_seconds": 60,
            "name": "NodeDown",
            "org_id": "1",
            "rule": [
              {
                "annotations": {
                  "description": "No scrape data for more than 2 minutes.",
                  "summary": "Host vvasylkovskyi-F719T9V3V4 is offline"
                },
                "condition": "C",
                "data": [
                  {
                    "datasource_uid": "PBFA97CFB590B2093",
                    "model": "{\"expr\":\"up{job=\\\"node_exporter\\\",instance=\\\"vvasylkovskyi-F719T9V3V4\\\"}\",\"refId\":\"A\"}",
                    "query_type": "",
                    "ref_id": "A",
                    "relative_time_range": [
                      {
                        "from": 600,
                        "to": 0
                      }
                    ]
                  },
                  {
                    "datasource_uid": "__expr__",
                    "model": "{\"expression\":\"A\",\"reducer\":\"last\",\"refId\":\"B\",\"type\":\"reduce\"}",
                    "query_type": "",
                    "ref_id": "B",
                    "relative_time_range": [
                      {
                        "from": 0,
                        "to": 0
                      }
                    ]
                  },
                  {
                    "datasource_uid": "__expr__",
                    "model": "{\"conditions\":[{\"evaluator\":{\"params\":[1],\"type\":\"lt\"},\"type\":\"query\"}],\"expression\":\"B\",\"refId\":\"C\",\"type\":\"threshold\"}",
                    "query_type": "",
                    "ref_id": "C",
                    "relative_time_range": [
                      {
                        "from": 0,
                        "to": 0
                      }
                    ]
                  }
                ],
                "exec_err_state": "Alerting",
                "for": "2m0s",
                "is_paused": false,
                "keep_firing_for": "",
                "labels": {
                  "node": "vvasylkovskyi-F719T9V3V4",
                  "severity": "critical"
                },
                "missing_series_evals_to_resolve": 0,
                "name": "NodeDown",
                "no_data_state": "Alerting",
                "notification_settings": [],
                "record": [],
                "uid": "dfmpz8wzn14hsc"
              }
            ]
          },
          "sensitive_attributes": [],
          "private": "bnVsbA==",
          "dependencies": [
            "data.external.node_name",
            "data.grafana_data_source.prometheus",
            "grafana_folder.node_alerts"
          ]
        }
      ]
    },
    {
      "module": "module.alert_swap_in_use",
      "mode": "managed",
      "type": "grafana_rule_group",
      "name": "this",
      "provider": "provider[\"registry.terraform.io/grafana/grafana\"]",
      "instances": [
        {
          "schema_version": 0,
          "attributes": {
            "disable_provenance": false,
            "folder_uid": "ffmpz8vrqbdogd",
            "id": "1:ffmpz8vrqbdogd:SwapInUse",
            "interval_seconds": 60,
            "name": "SwapInUse",
            "org_id": "1",
            "rule": [
              {
                "annotations": {
                  "description": "Physical memory may be exhausted.",
                  "summary": "Swap in use on vvasylkovskyi-F719T9V3V4"
                },
                "condition": "C",
                "data": [
                  {
                    "datasource_uid": "PBFA97CFB590B2093",
                    "model": "{\"expr\":\"node_memory_SwapUsed_bytes{instance=\\\"vvasylkovskyi-F719T9V3V4\\\"}\",\"refId\":\"A\"}",
                    "query_type": "",
                    "ref_id": "A",
                    "relative_time_range": [
                      {
                        "from": 600,
                        "to": 0
                      }
                    ]
                  },
                  {
                    "datasource_uid": "__expr__",
                    "model": "{\"expression\":\"A\",\"reducer\":\"last\",\"refId\":\"B\",\"type\":\"reduce\"}",
                    "query_type": "",
                    "ref_id": "B",
                    "relative_time_range": [
                      {
                        "from": 0,
                        "to": 0
                      }
                    ]
                  },
                  {
                    "datasource_uid": "__expr__",
                    "model": "{\"conditions\":[{\"evaluator\":{\"params\":[0],\"type\":\"gt\"},\"type\":\"query\"}],\"expression\":\"B\",\"refId\":\"C\",\"type\":\"threshold\"}",
                    "query_type": "",
                    "ref_id": "C",
                    "relative_time_range": [
                      {
                        "from": 0,
                        "to": 0
                      }
                    ]
                  }
                ],
                "exec_err_state": "Alerting",
                "for": "5m0s",
                "is_paused": false,
                "keep_firing_for": "",
                "labels": {
                  "node": "vvasylkovskyi-F719T9V3V4",
                  "severity": "warning"
                },
                "missing_series_evals_to_resolve": 0,
                "name": "SwapInUse",
                "no_data_state": "NoData",
                "notification_settings": [],
                "record": [],
                "uid": "ffmpz8x9hmpkwb"
              }
            ]
          },
          "sensitive_attributes": [],
          "private": "bnVsbA==",
          "dependencies": [
            "data.external.node_name",
            "data.grafana_data_source.prometheus",
            "grafana_folder.node_alerts"
          ]
        }
      ]
    }
  ],
  "check_results": null
}
